
Microsoft Visual Studio Solution File, Format Version 12.00
# Visual Studio Version 17
VisualStudioVersion = 17.14.36511.14 d17.14
MinimumVisualStudioVersion = 10.0.40219.1
Project("{FAE04EC0-301F-11D3-BF4B-00C04F79EFBC}") = "KSM_ULS", "KSM_ULS.csproj", "{8DD2AA74-4E46-4638-9980-36A4AD4CC95C}"
EndProject
Global
	GlobalSection(SolutionConfigurationPlatforms) = preSolution
		Debug|Any CPU = Debug|Any CPU
		Release|Any CPU = Release|Any CPU
	EndGlobalSection
	GlobalSection(ProjectConfigurationPlatforms) = postSolution
		{8DD2AA74-4E46-4638-9980-36A4AD4CC95C}.Debug|Any CPU.ActiveCfg = Debug|Any CPU
		{8DD2AA74-4E46-4638-9980-36A4AD4CC95C}.Debug|Any CPU.Build.0 = Debug|Any CPU
		{8DD2AA74-4E46-4638-9980-36A4AD4CC95C}.Release|Any CPU.ActiveCfg = Release|Any CPU
		{8DD2AA74-4E46-4638-9980-36A4AD4CC95C}.Release|Any CPU.Build.0 = Release|Any CPU
	EndGlobalSection
	GlobalSection(SolutionProperties) = preSolution
		HideSolutionNode = FALSE
	EndGlobalSection
	GlobalSection(ExtensibilityGlobals) = postSolution
		SolutionGuid = {F94B4168-B5CE-431A-923A-A3EFB540AEA6}
	EndGlobalSection
EndGlobal
